
Microsoft Visual Studio Solution File, Format Version 12.00
# Visual Studio Version 17
VisualStudioVersion = 17.14.36408.4 d17.14
MinimumVisualStudioVersion = 10.0.40219.1
Project("{FAE04EC0-301F-11D3-BF4B-00C04F79EFBC}") = "Library Management", "Library Management\Library Management.csproj", "{CE2A2D8E-32FF-4538-914F-CE629B150A75}"
EndProject
Project("{FAE04EC0-301F-11D3-BF4B-00C04F79EFBC}") = "Library Management Domain", "Library Management Domain\Library Management Domain.csproj", "{B5D77005-BE6E-48EA-8E64-B375238C0C24}"
EndProject
Global
	GlobalSection(SolutionConfigurationPlatforms) = preSolution
		Debug|Any CPU = Debug|Any CPU
		Release|Any CPU = Release|Any CPU
	EndGlobalSection
	GlobalSection(ProjectConfigurationPlatforms) = postSolution
		{CE2A2D8E-32FF-4538-914F-CE629B150A75}.Debug|Any CPU.ActiveCfg = Debug|Any CPU
		{CE2A2D8E-32FF-4538-914F-CE629B150A75}.Debug|Any CPU.Build.0 = Debug|Any CPU
		{CE2A2D8E-32FF-4538-914F-CE629B150A75}.Release|Any CPU.ActiveCfg = Release|Any CPU
		{CE2A2D8E-32FF-4538-914F-CE629B150A75}.Release|Any CPU.Build.0 = Release|Any CPU
		{B5D77005-BE6E-48EA-8E64-B375238C0C24}.Debug|Any CPU.ActiveCfg = Debug|Any CPU
		{B5D77005-BE6E-48EA-8E64-B375238C0C24}.Debug|Any CPU.Build.0 = Debug|Any CPU
		{B5D77005-BE6E-48EA-8E64-B375238C0C24}.Release|Any CPU.ActiveCfg = Release|Any CPU
		{B5D77005-BE6E-48EA-8E64-B375238C0C24}.Release|Any CPU.Build.0 = Release|Any CPU
	EndGlobalSection
	GlobalSection(SolutionProperties) = preSolution
		HideSolutionNode = FALSE
	EndGlobalSection
	GlobalSection(ExtensibilityGlobals) = postSolution
		SolutionGuid = {85E9F188-7231-45D7-88F0-FCAB57A32382}
	EndGlobalSection
EndGlobal
